
Microsoft Visual Studio Solution File, Format Version 12.00
# Visual Studio 15
VisualStudioVersion = 15.0.28307.329
MinimumVisualStudioVersion = 10.0.40219.1
Project("{FAE04EC0-301F-11D3-BF4B-00C04F79EFBC}") = "IncommChallengeWpf", "IncommChallengeWpf\IncommChallengeWpf.csproj", "{58A429EE-DE5A-4541-8301-BFAC7BA4696F}"
EndProject
Project("{FAE04EC0-301F-11D3-BF4B-00C04F79EFBC}") = "UnitTests", "UnitTests\UnitTests.csproj", "{A91AE488-C10F-4EB7-972F-E652AB305685}"
EndProject
Global
	GlobalSection(SolutionConfigurationPlatforms) = preSolution
		Debug|Any CPU = Debug|Any CPU
		Release|Any CPU = Release|Any CPU
	EndGlobalSection
	GlobalSection(ProjectConfigurationPlatforms) = postSolution
		{58A429EE-DE5A-4541-8301-BFAC7BA4696F}.Debug|Any CPU.ActiveCfg = Debug|Any CPU
		{58A429EE-DE5A-4541-8301-BFAC7BA4696F}.Debug|Any CPU.Build.0 = Debug|Any CPU
		{58A429EE-DE5A-4541-8301-BFAC7BA4696F}.Release|Any CPU.ActiveCfg = Release|Any CPU
		{58A429EE-DE5A-4541-8301-BFAC7BA4696F}.Release|Any CPU.Build.0 = Release|Any CPU
		{A91AE488-C10F-4EB7-972F-E652AB305685}.Debug|Any CPU.ActiveCfg = Debug|Any CPU
		{A91AE488-C10F-4EB7-972F-E652AB305685}.Debug|Any CPU.Build.0 = Debug|Any CPU
		{A91AE488-C10F-4EB7-972F-E652AB305685}.Release|Any CPU.ActiveCfg = Release|Any CPU
		{A91AE488-C10F-4EB7-972F-E652AB305685}.Release|Any CPU.Build.0 = Release|Any CPU
	EndGlobalSection
	GlobalSection(SolutionProperties) = preSolution
		HideSolutionNode = FALSE
	EndGlobalSection
	GlobalSection(ExtensibilityGlobals) = postSolution
		SolutionGuid = {ACC2049D-DAF3-4F4D-89C4-B3D104900AA2}
	EndGlobalSection
EndGlobal
